
Microsoft Visual Studio Solution File, Format Version 12.00
# Visual Studio Version 17
VisualStudioVersion = 17.0.32014.148
MinimumVisualStudioVersion = 10.0.40219.1
Project("{9A19103F-16F7-4668-BE54-9A1E7A4F7556}") = "CosmoService", "CosmoService\CosmoService.csproj", "{17A466A0-0891-468F-8006-5D0553A91EBD}"
EndProject
Project("{9A19103F-16F7-4668-BE54-9A1E7A4F7556}") = "ReportPrinterDatabase", "ReportPrinterDatabase\ReportPrinterDatabase.csproj", "{952DEC22-2A68-4F58-AF16-E45E76005607}"
EndProject
Project("{9A19103F-16F7-4668-BE54-9A1E7A4F7556}") = "ReportPrinterUnitTest", "ReportPrinterUnitTest\ReportPrinterUnitTest.csproj", "{4A9F2A9C-ACBC-441C-A8BB-AC478B015E95}"
EndProject
Project("{9A19103F-16F7-4668-BE54-9A1E7A4F7556}") = "ReportPrinterLibrary", "ReportPrinterLibrary\ReportPrinterLibrary.csproj", "{734709E3-677B-4674-84E4-B565BF0BC784}"
EndProject
Project("{9A19103F-16F7-4668-BE54-9A1E7A4F7556}") = "RaphaelService", "RaphaelService\RaphaelService.csproj", "{8204C298-F5F6-40D9-8F4D-6BF103170536}"
EndProject
Project("{9A19103F-16F7-4668-BE54-9A1E7A4F7556}") = "RaphaelLibrary", "RaphaelLibrary\RaphaelLibrary.csproj", "{2F7BC79A-6F33-4DD0-B243-2FA61D5935A0}"
EndProject
Global
	GlobalSection(SolutionConfigurationPlatforms) = preSolution
		Debug|Any CPU = Debug|Any CPU
		Release|Any CPU = Release|Any CPU
	EndGlobalSection
	GlobalSection(ProjectConfigurationPlatforms) = postSolution
		{17A466A0-0891-468F-8006-5D0553A91EBD}.Debug|Any CPU.ActiveCfg = Debug|Any CPU
		{17A466A0-0891-468F-8006-5D0553A91EBD}.Debug|Any CPU.Build.0 = Debug|Any CPU
		{17A466A0-0891-468F-8006-5D0553A91EBD}.Release|Any CPU.ActiveCfg = Release|Any CPU
		{17A466A0-0891-468F-8006-5D0553A91EBD}.Release|Any CPU.Build.0 = Release|Any CPU
		{952DEC22-2A68-4F58-AF16-E45E76005607}.Debug|Any CPU.ActiveCfg = Debug|Any CPU
		{952DEC22-2A68-4F58-AF16-E45E76005607}.Debug|Any CPU.Build.0 = Debug|Any CPU
		{952DEC22-2A68-4F58-AF16-E45E76005607}.Release|Any CPU.ActiveCfg = Release|Any CPU
		{952DEC22-2A68-4F58-AF16-E45E76005607}.Release|Any CPU.Build.0 = Release|Any CPU
		{4A9F2A9C-ACBC-441C-A8BB-AC478B015E95}.Debug|Any CPU.ActiveCfg = Debug|Any CPU
		{4A9F2A9C-ACBC-441C-A8BB-AC478B015E95}.Debug|Any CPU.Build.0 = Debug|Any CPU
		{4A9F2A9C-ACBC-441C-A8BB-AC478B015E95}.Release|Any CPU.ActiveCfg = Release|Any CPU
		{4A9F2A9C-ACBC-441C-A8BB-AC478B015E95}.Release|Any CPU.Build.0 = Release|Any CPU
		{734709E3-677B-4674-84E4-B565BF0BC784}.Debug|Any CPU.ActiveCfg = Debug|Any CPU
		{734709E3-677B-4674-84E4-B565BF0BC784}.Debug|Any CPU.Build.0 = Debug|Any CPU
		{734709E3-677B-4674-84E4-B565BF0BC784}.Release|Any CPU.ActiveCfg = Release|Any CPU
		{734709E3-677B-4674-84E4-B565BF0BC784}.Release|Any CPU.Build.0 = Release|Any CPU
		{8204C298-F5F6-40D9-8F4D-6BF103170536}.Debug|Any CPU.ActiveCfg = Debug|Any CPU
		{8204C298-F5F6-40D9-8F4D-6BF103170536}.Debug|Any CPU.Build.0 = Debug|Any CPU
		{8204C298-F5F6-40D9-8F4D-6BF103170536}.Release|Any CPU.ActiveCfg = Release|Any CPU
		{8204C298-F5F6-40D9-8F4D-6BF103170536}.Release|Any CPU.Build.0 = Release|Any CPU
		{2F7BC79A-6F33-4DD0-B243-2FA61D5935A0}.Debug|Any CPU.ActiveCfg = Debug|Any CPU
		{2F7BC79A-6F33-4DD0-B243-2FA61D5935A0}.Debug|Any CPU.Build.0 = Debug|Any CPU
		{2F7BC79A-6F33-4DD0-B243-2FA61D5935A0}.Release|Any CPU.ActiveCfg = Release|Any CPU
		{2F7BC79A-6F33-4DD0-B243-2FA61D5935A0}.Release|Any CPU.Build.0 = Release|Any CPU
	EndGlobalSection
	GlobalSection(SolutionProperties) = preSolution
		HideSolutionNode = FALSE
	EndGlobalSection
	GlobalSection(ExtensibilityGlobals) = postSolution
		SolutionGuid = {1B7128C9-58BE-4FB4-805E-5A015B942266}
	EndGlobalSection
EndGlobal
